// !$*UTF8*$!
{
	archiveVersion = 1;
	classes = {
	};
	objectVersion = 50;
	objects = {

/* Begin PBXBuildFile section */
		002514CF2282BDF500962D8E /* GoogleService-Info.plist in Resources */ = {isa = PBXBuildFile; fileRef = 002514CE2282BDF500962D8E /* GoogleService-Info.plist */; };
		003392A62282A3FB0084A9FE /* AppDelegate.swift in Sources */ = {isa = PBXBuildFile; fileRef = 003392A52282A3FB0084A9FE /* AppDelegate.swift */; };
		003392A82282A3FB0084A9FE /* ViewController.swift in Sources */ = {isa = PBXBuildFile; fileRef = 003392A72282A3FB0084A9FE /* ViewController.swift */; };
		003392AB2282A3FB0084A9FE /* Main.storyboard in Resources */ = {isa = PBXBuildFile; fileRef = 003392A92282A3FB0084A9FE /* Main.storyboard */; };
		003392AD2282A3FC0084A9FE /* Assets.xcassets in Resources */ = {isa = PBXBuildFile; fileRef = 003392AC2282A3FC0084A9FE /* Assets.xcassets */; };
		003392B02282A3FC0084A9FE /* LaunchScreen.storyboard in Resources */ = {isa = PBXBuildFile; fileRef = 003392AE2282A3FC0084A9FE /* LaunchScreen.storyboard */; };
		003392BA2282A65D0084A9FE /* LoginViewController.swift in Sources */ = {isa = PBXBuildFile; fileRef = 003392B92282A65D0084A9FE /* LoginViewController.swift */; };
		003392BC2282A7090084A9FE /* HomeViewController.swift in Sources */ = {isa = PBXBuildFile; fileRef = 003392BB2282A7090084A9FE /* HomeViewController.swift */; };
		003392BF2282A7BD0084A9FE /* ImageSelectViewController.swift in Sources */ = {isa = PBXBuildFile; fileRef = 003392BE2282A7BD0084A9FE /* ImageSelectViewController.swift */; };
		003392C12282A8770084A9FE /* PostViewController.swift in Sources */ = {isa = PBXBuildFile; fileRef = 003392C02282A8770084A9FE /* PostViewController.swift */; };
		003392C32282A8A10084A9FE /* SettingViewController.swift in Sources */ = {isa = PBXBuildFile; fileRef = 003392C22282A8A10084A9FE /* SettingViewController.swift */; };
		00B1212B228508F100EBB40F /* Const.swift in Sources */ = {isa = PBXBuildFile; fileRef = 00B1212A228508F100EBB40F /* Const.swift */; };
		00B1212D22850E1000EBB40F /* PostData.swift in Sources */ = {isa = PBXBuildFile; fileRef = 00B1212C22850E1000EBB40F /* PostData.swift */; };
		00FCA0352288FE6700DB3483 /* PostTableViewCell.swift in Sources */ = {isa = PBXBuildFile; fileRef = 00FCA0332288FE6700DB3483 /* PostTableViewCell.swift */; };
		00FCA0362288FE6700DB3483 /* PostTableViewCell.xib in Resources */ = {isa = PBXBuildFile; fileRef = 00FCA0342288FE6700DB3483 /* PostTableViewCell.xib */; };
		0B6CD264B1BA7B06A8AF02C7 /* Pods_Instagram.framework in Frameworks */ = {isa = PBXBuildFile; fileRef = CBAC0FEF5BD7B7BF0BA959E4 /* Pods_Instagram.framework */; };
/* End PBXBuildFile section */

/* Begin PBXFileReference section */
		002514CE2282BDF500962D8E /* GoogleService-Info.plist */ = {isa = PBXFileReference; fileEncoding = 4; lastKnownFileType = text.plist.xml; path = "GoogleService-Info.plist"; sourceTree = "<group>"; };
		003392A22282A3FB0084A9FE /* Instagram.app */ = {isa = PBXFileReference; explicitFileType = wrapper.application; includeInIndex = 0; path = Instagram.app; sourceTree = BUILT_PRODUCTS_DIR; };
		003392A52282A3FB0084A9FE /* AppDelegate.swift */ = {isa = PBXFileReference; lastKnownFileType = sourcecode.swift; path = AppDelegate.swift; sourceTree = "<group>"; };
		003392A72282A3FB0084A9FE /* ViewController.swift */ = {isa = PBXFileReference; lastKnownFileType = sourcecode.swift; path = ViewController.swift; sourceTree = "<group>"; };
		003392AA2282A3FB0084A9FE /* Base */ = {isa = PBXFileReference; lastKnownFileType = file.storyboard; name = Base; path = Base.lproj/Main.storyboard; sourceTree = "<group>"; };
		003392AC2282A3FC0084A9FE /* Assets.xcassets */ = {isa = PBXFileReference; lastKnownFileType = folder.assetcatalog; path = Assets.xcassets; sourceTree = "<group>"; };
		003392AF2282A3FC0084A9FE /* Base */ = {isa = PBXFileReference; lastKnownFileType = file.storyboard; name = Base; path = Base.lproj/LaunchScreen.storyboard; sourceTree = "<group>"; };
		003392B12282A3FC0084A9FE /* Info.plist */ = {isa = PBXFileReference; lastKnownFileType = text.plist.xml; path = Info.plist; sourceTree = "<group>"; };
		003392B92282A65D0084A9FE /* LoginViewController.swift */ = {isa = PBXFileReference; lastKnownFileType = sourcecode.swift; path = LoginViewController.swift; sourceTree = "<group>"; };
		003392BB2282A7090084A9FE /* HomeViewController.swift */ = {isa = PBXFileReference; lastKnownFileType = sourcecode.swift; path = HomeViewController.swift; sourceTree = "<group>"; };
		003392BE2282A7BD0084A9FE /* ImageSelectViewController.swift */ = {isa = PBXFileReference; lastKnownFileType = sourcecode.swift; path = ImageSelectViewController.swift; sourceTree = "<group>"; };
		003392C02282A8770084A9FE /* PostViewController.swift */ = {isa = PBXFileReference; lastKnownFileType = sourcecode.swift; path = PostViewController.swift; sourceTree = "<group>"; };
		003392C22282A8A10084A9FE /* SettingViewController.swift */ = {isa = PBXFileReference; lastKnownFileType = sourcecode.swift; path = SettingViewController.swift; sourceTree = "<group>"; };
		00B1212A228508F100EBB40F /* Const.swift */ = {isa = PBXFileReference; lastKnownFileType = sourcecode.swift; path = Const.swift; sourceTree = "<group>"; };
		00B1212C22850E1000EBB40F /* PostData.swift */ = {isa = PBXFileReference; lastKnownFileType = sourcecode.swift; path = PostData.swift; sourceTree = "<group>"; };
		00FCA0332288FE6700DB3483 /* PostTableViewCell.swift */ = {isa = PBXFileReference; lastKnownFileType = sourcecode.swift; name = PostTableViewCell.swift; path = ../PostTableViewCell.swift; sourceTree = "<group>"; };
		00FCA0342288FE6700DB3483 /* PostTableViewCell.xib */ = {isa = PBXFileReference; lastKnownFileType = file.xib; name = PostTableViewCell.xib; path = ../PostTableViewCell.xib; sourceTree = "<group>"; };
		16338AE872B1E251E1A7177B /* Pods-Instagram.debug.xcconfig */ = {isa = PBXFileReference; includeInIndex = 1; lastKnownFileType = text.xcconfig; name = "Pods-Instagram.debug.xcconfig"; path = "Target Support Files/Pods-Instagram/Pods-Instagram.debug.xcconfig"; sourceTree = "<group>"; };
		6FABA701309F581F554877BD /* Pods-Instagram.release.xcconfig */ = {isa = PBXFileReference; includeInIndex = 1; lastKnownFileType = text.xcconfig; name = "Pods-Instagram.release.xcconfig"; path = "Target Support Files/Pods-Instagram/Pods-Instagram.release.xcconfig"; sourceTree = "<group>"; };
		CBAC0FEF5BD7B7BF0BA959E4 /* Pods_Instagram.framework */ = {isa = PBXFileReference; explicitFileType = wrapper.framework; includeInIndex = 0; path = Pods_Instagram.framework; sourceTree = BUILT_PRODUCTS_DIR; };
/* End PBXFileReference section */

/* Begin PBXFrameworksBuildPhase section */
		0033929F2282A3FB0084A9FE /* Frameworks */ = {
			isa = PBXFrameworksBuildPhase;
			buildActionMask = 2147483647;
			files = (
				0B6CD264B1BA7B06A8AF02C7 /* Pods_Instagram.framework in Frameworks */,
			);
			runOnlyForDeploymentPostprocessing = 0;
		};
/* End PBXFrameworksBuildPhase section */

/* Begin PBXGroup section */
		003392992282A3FB0084A9FE = {
			isa = PBXGroup;
			children = (
				003392A42282A3FB0084A9FE /* Instagram */,
				003392A32282A3FB0084A9FE /* Products */,
				6774E01EB96AB7CD978C5E85 /* Pods */,
				E6798C6B778AD60573BC468B /* Frameworks */,
			);
			sourceTree = "<group>";
		};
		003392A32282A3FB0084A9FE /* Products */ = {
			isa = PBXGroup;
			children = (
				003392A22282A3FB0084A9FE /* Instagram.app */,
			);
			name = Products;
			sourceTree = "<group>";
		};
		003392A42282A3FB0084A9FE /* Instagram */ = {
			isa = PBXGroup;
			children = (
				00FCA0332288FE6700DB3483 /* PostTableViewCell.swift */,
				00FCA0342288FE6700DB3483 /* PostTableViewCell.xib */,
				002514CE2282BDF500962D8E /* GoogleService-Info.plist */,
				003392A52282A3FB0084A9FE /* AppDelegate.swift */,
				003392A72282A3FB0084A9FE /* ViewController.swift */,
				003392A92282A3FB0084A9FE /* Main.storyboard */,
				003392AC2282A3FC0084A9FE /* Assets.xcassets */,
				003392AE2282A3FC0084A9FE /* LaunchScreen.storyboard */,
				003392B12282A3FC0084A9FE /* Info.plist */,
				003392B92282A65D0084A9FE /* LoginViewController.swift */,
				003392BB2282A7090084A9FE /* HomeViewController.swift */,
				003392BE2282A7BD0084A9FE /* ImageSelectViewController.swift */,
				003392C02282A8770084A9FE /* PostViewController.swift */,
				003392C22282A8A10084A9FE /* SettingViewController.swift */,
				00B1212A228508F100EBB40F /* Const.swift */,
				00B1212C22850E1000EBB40F /* PostData.swift */,
			);
			path = Instagram;
			sourceTree = "<group>";
		};
		6774E01EB96AB7CD978C5E85 /* Pods */ = {
			isa = PBXGroup;
			children = (
				16338AE872B1E251E1A7177B /* Pods-Instagram.debug.xcconfig */,
				6FABA701309F581F554877BD /* Pods-Instagram.release.xcconfig */,
			);
			path = Pods;
			sourceTree = "<group>";
		};
		E6798C6B778AD60573BC468B /* Frameworks */ = {
			isa = PBXGroup;
			children = (
				CBAC0FEF5BD7B7BF0BA959E4 /* Pods_Instagram.framework */,
			);
			name = Frameworks;
			sourceTree = "<group>";
		};
/* End PBXGroup section */

/* Begin PBXNativeTarget section */
		003392A12282A3FB0084A9FE /* Instagram */ = {
			isa = PBXNativeTarget;
			buildConfigurationList = 003392B42282A3FC0084A9FE /* Build configuration list for PBXNativeTarget "Instagram" */;
			buildPhases = (
				C22BA1F17C48DFF06CC70180 /* [CP] Check Pods Manifest.lock */,
				0033929E2282A3FB0084A9FE /* Sources */,
				0033929F2282A3FB0084A9FE /* Frameworks */,
				003392A02282A3FB0084A9FE /* Resources */,
				A8EC5E422077704698D73A4E /* [CP] Embed Pods Frameworks */,
			);
			buildRules = (
			);
			dependencies = (
			);
			name = Instagram;
			productName = Instagram;
			productReference = 003392A22282A3FB0084A9FE /* Instagram.app */;
			productType = "com.apple.product-type.application";
		};
/* End PBXNativeTarget section */

/* Begin PBXProject section */
		0033929A2282A3FB0084A9FE /* Project object */ = {
			isa = PBXProject;
			attributes = {
				LastSwiftUpdateCheck = 1010;
				LastUpgradeCheck = 1010;
				ORGANIZATIONNAME = naoki.shigenaga;
				TargetAttributes = {
					003392A12282A3FB0084A9FE = {
						CreatedOnToolsVersion = 10.1;
					};
				};
			};
			buildConfigurationList = 0033929D2282A3FB0084A9FE /* Build configuration list for PBXProject "Instagram" */;
			compatibilityVersion = "Xcode 9.3";
			developmentRegion = en;
			hasScannedForEncodings = 0;
			knownRegions = (
				en,
				Base,
			);
			mainGroup = 003392992282A3FB0084A9FE;
			productRefGroup = 003392A32282A3FB0084A9FE /* Products */;
			projectDirPath = "";
			projectRoot = "";
			targets = (
				003392A12282A3FB0084A9FE /* Instagram */,
			);
		};
/* End PBXProject section */

/* Begin PBXResourcesBuildPhase section */
		003392A02282A3FB0084A9FE /* Resources */ = {
			isa = PBXResourcesBuildPhase;
			buildActionMask = 2147483647;
			files = (
				003392B02282A3FC0084A9FE /* LaunchScreen.storyboard in Resources */,
				00FCA0362288FE6700DB3483 /* PostTableViewCell.xib in Resources */,
				002514CF2282BDF500962D8E /* GoogleService-Info.plist in Resources */,
				003392AD2282A3FC0084A9FE /* Assets.xcassets in Resources */,
				003392AB2282A3FB0084A9FE /* Main.storyboard in Resources */,
			);
			runOnlyForDeploymentPostprocessing = 0;
		};
/* End PBXResourcesBuildPhase section */

/* Begin PBXShellScriptBuildPhase section */
		A8EC5E422077704698D73A4E /* [CP] Embed Pods Frameworks */ = {
			isa = PBXShellScriptBuildPhase;
			buildActionMask = 2147483647;
			files = (
			);
			inputFileListPaths = (
			);
			inputPaths = (
				"${PODS_ROOT}/Target Support Files/Pods-Instagram/Pods-Instagram-frameworks.sh",
				"${BUILT_PRODUCTS_DIR}/CLImageEditor/CLImageEditor.framework",
				"${BUILT_PRODUCTS_DIR}/ESTabBarController/ESTabBarController.framework",
				"${BUILT_PRODUCTS_DIR}/GTMSessionFetcher/GTMSessionFetcher.framework",
				"${BUILT_PRODUCTS_DIR}/GoogleUtilities/GoogleUtilities.framework",
				"${BUILT_PRODUCTS_DIR}/SVProgressHUD/SVProgressHUD.framework",
				"${BUILT_PRODUCTS_DIR}/leveldb-library/leveldb.framework",
				"${BUILT_PRODUCTS_DIR}/nanopb/nanopb.framework",
			);
			name = "[CP] Embed Pods Frameworks";
			outputFileListPaths = (
			);
			outputPaths = (
				"${TARGET_BUILD_DIR}/${FRAMEWORKS_FOLDER_PATH}/CLImageEditor.framework",
				"${TARGET_BUILD_DIR}/${FRAMEWORKS_FOLDER_PATH}/ESTabBarController.framework",
				"${TARGET_BUILD_DIR}/${FRAMEWORKS_FOLDER_PATH}/GTMSessionFetcher.framework",
				"${TARGET_BUILD_DIR}/${FRAMEWORKS_FOLDER_PATH}/GoogleUtilities.framework",
				"${TARGET_BUILD_DIR}/${FRAMEWORKS_FOLDER_PATH}/SVProgressHUD.framework",
				"${TARGET_BUILD_DIR}/${FRAMEWORKS_FOLDER_PATH}/leveldb.framework",
				"${TARGET_BUILD_DIR}/${FRAMEWORKS_FOLDER_PATH}/nanopb.framework",
			);
			runOnlyForDeploymentPostprocessing = 0;
			shellPath = /bin/sh;
			shellScript = "\"${PODS_ROOT}/Target Support Files/Pods-Instagram/Pods-Instagram-frameworks.sh\"\n";
			showEnvVarsInLog = 0;
		};
		C22BA1F17C48DFF06CC70180 /* [CP] Check Pods Manifest.lock */ = {
			isa = PBXShellScriptBuildPhase;
			buildActionMask = 2147483647;
			files = (
			);
			inputFileListPaths = (
			);
			inputPaths = (
				"${PODS_PODFILE_DIR_PATH}/Podfile.lock",
				"${PODS_ROOT}/Manifest.lock",
			);
			name = "[CP] Check Pods Manifest.lock";
			outputFileListPaths = (
			);
			outputPaths = (
				"$(DERIVED_FILE_DIR)/Pods-Instagram-checkManifestLockResult.txt",
			);
			runOnlyForDeploymentPostprocessing = 0;
			shellPath = /bin/sh;
			shellScript = "diff \"${PODS_PODFILE_DIR_PATH}/Podfile.lock\" \"${PODS_ROOT}/Manifest.lock\" > /dev/null\nif [ $? != 0 ] ; then\n    # print error to STDERR\n    echo \"error: The sandbox is not in sync with the Podfile.lock. Run 'pod install' or update your CocoaPods installation.\" >&2\n    exit 1\nfi\n# This output is used by Xcode 'outputs' to avoid re-running this script phase.\necho \"SUCCESS\" > \"${SCRIPT_OUTPUT_FILE_0}\"\n";
			showEnvVarsInLog = 0;
		};
/* End PBXShellScriptBuildPhase section */

/* Begin PBXSourcesBuildPhase section */
		0033929E2282A3FB0084A9FE /* Sources */ = {
			isa = PBXSourcesBuildPhase;
			buildActionMask = 2147483647;
			files = (
				003392C12282A8770084A9FE /* PostViewController.swift in Sources */,
				00B1212D22850E1000EBB40F /* PostData.swift in Sources */,
				003392BA2282A65D0084A9FE /* LoginViewController.swift in Sources */,
				003392A82282A3FB0084A9FE /* ViewController.swift in Sources */,
				003392A62282A3FB0084A9FE /* AppDelegate.swift in Sources */,
				003392BF2282A7BD0084A9FE /* ImageSelectViewController.swift in Sources */,
				00B1212B228508F100EBB40F /* Const.swift in Sources */,
				00FCA0352288FE6700DB3483 /* PostTableViewCell.swift in Sources */,
				003392C32282A8A10084A9FE /* SettingViewController.swift in Sources */,
				003392BC2282A7090084A9FE /* HomeViewController.swift in Sources */,
			);
			runOnlyForDeploymentPostprocessing = 0;
		};
/* End PBXSourcesBuildPhase section */

/* Begin PBXVariantGroup section */
		003392A92282A3FB0084A9FE /* Main.storyboard */ = {
			isa = PBXVariantGroup;
			children = (
				003392AA2282A3FB0084A9FE /* Base */,
			);
			name = Main.storyboard;
			sourceTree = "<group>";
		};
		003392AE2282A3FC0084A9FE /* LaunchScreen.storyboard */ = {
			isa = PBXVariantGroup;
			children = (
				003392AF2282A3FC0084A9FE /* Base */,
			);
			name = LaunchScreen.storyboard;
			sourceTree = "<group>";
		};
/* End PBXVariantGroup section */

/* Begin XCBuildConfiguration section */
		003392B22282A3FC0084A9FE /* Debug */ = {
			isa = XCBuildConfiguration;
			buildSettings = {
				ALWAYS_SEARCH_USER_PATHS = NO;
				CLANG_ANALYZER_NONNULL = YES;
				CLANG_ANALYZER_NUMBER_OBJECT_CONVERSION = YES_AGGRESSIVE;
				CLANG_CXX_LANGUAGE_STANDARD = "gnu++14";
				CLANG_CXX_LIBRARY = "libc++";
				CLANG_ENABLE_MODULES = YES;
				CLANG_ENABLE_OBJC_ARC = YES;
				CLANG_ENABLE_OBJC_WEAK = YES;
				CLANG_WARN_BLOCK_CAPTURE_AUTORELEASING = YES;
				CLANG_WARN_BOOL_CONVERSION = YES;
				CLANG_WARN_COMMA = YES;
				CLANG_WARN_CONSTANT_CONVERSION = YES;
				CLANG_WARN_DEPRECATED_OBJC_IMPLEMENTATIONS = YES;
				CLANG_WARN_DIRECT_OBJC_ISA_USAGE = YES_ERROR;
				CLANG_WARN_DOCUMENTATION_COMMENTS = YES;
				CLANG_WARN_EMPTY_BODY = YES;
				CLANG_WARN_ENUM_CONVERSION = YES;
				CLANG_WARN_INFINITE_RECURSION = YES;
				CLANG_WARN_INT_CONVERSION = YES;
				CLANG_WARN_NON_LITERAL_NULL_CONVERSION = YES;
				CLANG_WARN_OBJC_IMPLICIT_RETAIN_SELF = YES;
				CLANG_WARN_OBJC_LITERAL_CONVERSION = YES;
				CLANG_WARN_OBJC_ROOT_CLASS = YES_ERROR;
				CLANG_WARN_RANGE_LOOP_ANALYSIS = YES;
				CLANG_WARN_STRICT_PROTOTYPES = YES;
				CLANG_WARN_SUSPICIOUS_MOVE = YES;
				CLANG_WARN_UNGUARDED_AVAILABILITY = YES_AGGRESSIVE;
				CLANG_WARN_UNREACHABLE_CODE = YES;
				CLANG_WARN__DUPLICATE_METHOD_MATCH = YES;
				CODE_SIGN_IDENTITY = "iPhone Developer";
				COPY_PHASE_STRIP = NO;
				DEBUG_INFORMATION_FORMAT = dwarf;
				ENABLE_STRICT_OBJC_MSGSEND = YES;
				ENABLE_TESTABILITY = YES;
				GCC_C_LANGUAGE_STANDARD = gnu11;
				GCC_DYNAMIC_NO_PIC = NO;
				GCC_NO_COMMON_BLOCKS = YES;
				GCC_OPTIMIZATION_LEVEL = 0;
				GCC_PREPROCESSOR_DEFINITIONS = (
					"DEBUG=1",
					"$(inherited)",
				);
				GCC_WARN_64_TO_32_BIT_CONVERSION = YES;
				GCC_WARN_ABOUT_RETURN_TYPE = YES_ERROR;
				GCC_WARN_UNDECLARED_SELECTOR = YES;
				GCC_WARN_UNINITIALIZED_AUTOS = YES_AGGRESSIVE;
				GCC_WARN_UNUSED_FUNCTION = YES;
				GCC_WARN_UNUSED_VARIABLE = YES;
				IPHONEOS_DEPLOYMENT_TARGET = 12.1;
				MTL_ENABLE_DEBUG_INFO = INCLUDE_SOURCE;
				MTL_FAST_MATH = YES;
				ONLY_ACTIVE_ARCH = YES;
				SDKROOT = iphoneos;
				SWIFT_ACTIVE_COMPILATION_CONDITIONS = DEBUG;
				SWIFT_OPTIMIZATION_LEVEL = "-Onone";
			};
			name = Debug;
		};
		003392B32282A3FC0084A9FE /* Release */ = {
			isa = XCBuildConfiguration;
			buildSettings = {
				ALWAYS_SEARCH_USER_PATHS = NO;
				CLANG_ANALYZER_NONNULL = YES;
				CLANG_ANALYZER_NUMBER_OBJECT_CONVERSION = YES_AGGRESSIVE;
				CLANG_CXX_LANGUAGE_STANDARD = "gnu++14";
				CLANG_CXX_LIBRARY = "libc++";
				CLANG_ENABLE_MODULES = YES;
				CLANG_ENABLE_OBJC_ARC = YES;
				CLANG_ENABLE_OBJC_WEAK = YES;
				CLANG_WARN_BLOCK_CAPTURE_AUTORELEASING = YES;
				CLANG_WARN_BOOL_CONVERSION = YES;
				CLANG_WARN_COMMA = YES;
				CLANG_WARN_CONSTANT_CONVERSION = YES;
				CLANG_WARN_DEPRECATED_OBJC_IMPLEMENTATIONS = YES;
				CLANG_WARN_DIRECT_OBJC_ISA_USAGE = YES_ERROR;
				CLANG_WARN_DOCUMENTATION_COMMENTS = YES;
				CLANG_WARN_EMPTY_BODY = YES;
				CLANG_WARN_ENUM_CONVERSION = YES;
				CLANG_WARN_INFINITE_RECURSION = YES;
				CLANG_WARN_INT_CONVERSION = YES;
				CLANG_WARN_NON_LITERAL_NULL_CONVERSION = YES;
				CLANG_WARN_OBJC_IMPLICIT_RETAIN_SELF = YES;
				CLANG_WARN_OBJC_LITERAL_CONVERSION = YES;
				CLANG_WARN_OBJC_ROOT_CLASS = YES_ERROR;
				CLANG_WARN_RANGE_LOOP_ANALYSIS = YES;
				CLANG_WARN_STRICT_PROTOTYPES = YES;
				CLANG_WARN_SUSPICIOUS_MOVE = YES;
				CLANG_WARN_UNGUARDED_AVAILABILITY = YES_AGGRESSIVE;
				CLANG_WARN_UNREACHABLE_CODE = YES;
				CLANG_WARN__DUPLICATE_METHOD_MATCH = YES;
				CODE_SIGN_IDENTITY = "iPhone Developer";
				COPY_PHASE_STRIP = NO;
				DEBUG_INFORMATION_FORMAT = "dwarf-with-dsym";
				ENABLE_NS_ASSERTIONS = NO;
				ENABLE_STRICT_OBJC_MSGSEND = YES;
				GCC_C_LANGUAGE_STANDARD = gnu11;
				GCC_NO_COMMON_BLOCKS = YES;
				GCC_WARN_64_TO_32_BIT_CONVERSION = YES;
				GCC_WARN_ABOUT_RETURN_TYPE = YES_ERROR;
				GCC_WARN_UNDECLARED_SELECTOR = YES;
				GCC_WARN_UNINITIALIZED_AUTOS = YES_AGGRESSIVE;
				GCC_WARN_UNUSED_FUNCTION = YES;
				GCC_WARN_UNUSED_VARIABLE = YES;
				IPHONEOS_DEPLOYMENT_TARGET = 12.1;
				MTL_ENABLE_DEBUG_INFO = NO;
				MTL_FAST_MATH = YES;
				SDKROOT = iphoneos;
				SWIFT_COMPILATION_MODE = wholemodule;
				SWIFT_OPTIMIZATION_LEVEL = "-O";
				VALIDATE_PRODUCT = YES;
			};
			name = Release;
		};
		003392B52282A3FC0084A9FE /* Debug */ = {
			isa = XCBuildConfiguration;
			baseConfigurationReference = 16338AE872B1E251E1A7177B /* Pods-Instagram.debug.xcconfig */;
			buildSettings = {
				ASSETCATALOG_COMPILER_APPICON_NAME = AppIcon;
				CODE_SIGN_STYLE = Automatic;
				DEVELOPMENT_TEAM = XLM7K96PXP;
				INFOPLIST_FILE = Instagram/Info.plist;
				LD_RUNPATH_SEARCH_PATHS = (
					"$(inherited)",
					"@executable_path/Frameworks",
				);
				PRODUCT_BUNDLE_IDENTIFIER = jp.techacademy.naoki.shigenaga.Instagram;
				PRODUCT_NAME = "$(TARGET_NAME)";
				SWIFT_VERSION = 4.2;
				TARGETED_DEVICE_FAMILY = 1;
			};
			name = Debug;
		};
		003392B62282A3FC0084A9FE /* Release */ = {
			isa = XCBuildConfiguration;
			baseConfigurationReference = 6FABA701309F581F554877BD /* Pods-Instagram.release.xcconfig */;
			buildSettings = {
				ASSETCATALOG_COMPILER_APPICON_NAME = AppIcon;
				CODE_SIGN_STYLE = Automatic;
				DEVELOPMENT_TEAM = XLM7K96PXP;
				INFOPLIST_FILE = Instagram/Info.plist;
				LD_RUNPATH_SEARCH_PATHS = (
					"$(inherited)",
					"@executable_path/Frameworks",
				);
				PRODUCT_BUNDLE_IDENTIFIER = jp.techacademy.naoki.shigenaga.Instagram;
				PRODUCT_NAME = "$(TARGET_NAME)";
				SWIFT_VERSION = 4.2;
				TARGETED_DEVICE_FAMILY = 1;
			};
			name = Release;
		};
/* End XCBuildConfiguration section */

/* Begin XCConfigurationList section */
		0033929D2282A3FB0084A9FE /* Build configuration list for PBXProject "Instagram" */ = {
			isa = XCConfigurationList;
			buildConfigurations = (
				003392B22282A3FC0084A9FE /* Debug */,
				003392B32282A3FC0084A9FE /* Release */,
			);
			defaultConfigurationIsVisible = 0;
			defaultConfigurationName = Release;
		};
		003392B42282A3FC0084A9FE /* Build configuration list for PBXNativeTarget "Instagram" */ = {
			isa = XCConfigurationList;
			buildConfigurations = (
				003392B52282A3FC0084A9FE /* Debug */,
				003392B62282A3FC0084A9FE /* Release */,
			);
			defaultConfigurationIsVisible = 0;
			defaultConfigurationName = Release;
		};
/* End XCConfigurationList section */
	};
	rootObject = 0033929A2282A3FB0084A9FE /* Project object */;
}
